
Microsoft Visual Studio Solution File, Format Version 12.00
# Visual Studio 15
VisualStudioVersion = 15.0.27130.2010
MinimumVisualStudioVersion = 10.0.40219.1
Project("{FAE04EC0-301F-11D3-BF4B-00C04F79EFBC}") = "NSQ.Library", "NSQ.Library\NSQ.Library.csproj", "{A69926D5-20FA-4AB1-9F34-7CAF74EA1D0B}"
EndProject
Project("{FAE04EC0-301F-11D3-BF4B-00C04F79EFBC}") = "NSQ.Producer", "NSQ.Producer\NSQ.Producer.csproj", "{C828A573-084B-4846-B9A7-C386EA9B1832}"
EndProject
Project("{FAE04EC0-301F-11D3-BF4B-00C04F79EFBC}") = "NSQ.Consumer", "NSQ.Consumer\NSQ.Consumer.csproj", "{99D3F731-186D-4398-9356-9CBBB496E7F8}"
EndProject
Global
	GlobalSection(SolutionConfigurationPlatforms) = preSolution
		Debug|Any CPU = Debug|Any CPU
		Release|Any CPU = Release|Any CPU
	EndGlobalSection
	GlobalSection(ProjectConfigurationPlatforms) = postSolution
		{A69926D5-20FA-4AB1-9F34-7CAF74EA1D0B}.Debug|Any CPU.ActiveCfg = Debug|Any CPU
		{A69926D5-20FA-4AB1-9F34-7CAF74EA1D0B}.Debug|Any CPU.Build.0 = Debug|Any CPU
		{A69926D5-20FA-4AB1-9F34-7CAF74EA1D0B}.Release|Any CPU.ActiveCfg = Release|Any CPU
		{A69926D5-20FA-4AB1-9F34-7CAF74EA1D0B}.Release|Any CPU.Build.0 = Release|Any CPU
		{C828A573-084B-4846-B9A7-C386EA9B1832}.Debug|Any CPU.ActiveCfg = Debug|Any CPU
		{C828A573-084B-4846-B9A7-C386EA9B1832}.Debug|Any CPU.Build.0 = Debug|Any CPU
		{C828A573-084B-4846-B9A7-C386EA9B1832}.Release|Any CPU.ActiveCfg = Release|Any CPU
		{C828A573-084B-4846-B9A7-C386EA9B1832}.Release|Any CPU.Build.0 = Release|Any CPU
		{99D3F731-186D-4398-9356-9CBBB496E7F8}.Debug|Any CPU.ActiveCfg = Debug|Any CPU
		{99D3F731-186D-4398-9356-9CBBB496E7F8}.Debug|Any CPU.Build.0 = Debug|Any CPU
		{99D3F731-186D-4398-9356-9CBBB496E7F8}.Release|Any CPU.ActiveCfg = Release|Any CPU
		{99D3F731-186D-4398-9356-9CBBB496E7F8}.Release|Any CPU.Build.0 = Release|Any CPU
	EndGlobalSection
	GlobalSection(SolutionProperties) = preSolution
		HideSolutionNode = FALSE
	EndGlobalSection
	GlobalSection(ExtensibilityGlobals) = postSolution
		SolutionGuid = {9EEB09F4-840A-4912-A89F-5CFC829C2786}
	EndGlobalSection
EndGlobal
